// !$*UTF8*$!
{
	archiveVersion = 1;
	classes = {
	};
	objectVersion = 46;
	objects = {

/* Begin PBXBuildFile section */
		00064E451B46E1B4003B721C /* AppDelegate.swift in Sources */ = {isa = PBXBuildFile; fileRef = 00064E441B46E1B4003B721C /* AppDelegate.swift */; };
		00064E471B46E1B4003B721C /* GameScene.sks in Resources */ = {isa = PBXBuildFile; fileRef = 00064E461B46E1B4003B721C /* GameScene.sks */; };
		00064E491B46E1B4003B721C /* GameScene.swift in Sources */ = {isa = PBXBuildFile; fileRef = 00064E481B46E1B4003B721C /* GameScene.swift */; };
		00064E4B1B46E1B4003B721C /* GameViewController.swift in Sources */ = {isa = PBXBuildFile; fileRef = 00064E4A1B46E1B4003B721C /* GameViewController.swift */; };
		00064E4E1B46E1B4003B721C /* Main.storyboard in Resources */ = {isa = PBXBuildFile; fileRef = 00064E4C1B46E1B4003B721C /* Main.storyboard */; };
		00064E501B46E1B4003B721C /* Images.xcassets in Resources */ = {isa = PBXBuildFile; fileRef = 00064E4F1B46E1B4003B721C /* Images.xcassets */; };
		00064E531B46E1B4003B721C /* LaunchScreen.xib in Resources */ = {isa = PBXBuildFile; fileRef = 00064E511B46E1B4003B721C /* LaunchScreen.xib */; };
		00064E5F1B46E1B4003B721C /* HelloIOSGameTests.swift in Sources */ = {isa = PBXBuildFile; fileRef = 00064E5E1B46E1B4003B721C /* HelloIOSGameTests.swift */; };
/* End PBXBuildFile section */

/* Begin PBXContainerItemProxy section */
		00064E591B46E1B4003B721C /* PBXContainerItemProxy */ = {
			isa = PBXContainerItemProxy;
			containerPortal = 00064E371B46E1B4003B721C /* Project object */;
			proxyType = 1;
			remoteGlobalIDString = 00064E3E1B46E1B4003B721C;
			remoteInfo = HelloIOSGame;
		};
/* End PBXContainerItemProxy section */

/* Begin PBXFileReference section */
		00064E3F1B46E1B4003B721C /* HelloIOSGame.app */ = {isa = PBXFileReference; explicitFileType = wrapper.application; includeInIndex = 0; path = HelloIOSGame.app; sourceTree = BUILT_PRODUCTS_DIR; };
		00064E431B46E1B4003B721C /* Info.plist */ = {isa = PBXFileReference; lastKnownFileType = text.plist.xml; path = Info.plist; sourceTree = "<group>"; };
		00064E441B46E1B4003B721C /* AppDelegate.swift */ = {isa = PBXFileReference; lastKnownFileType = sourcecode.swift; path = AppDelegate.swift; sourceTree = "<group>"; };
		00064E461B46E1B4003B721C /* GameScene.sks */ = {isa = PBXFileReference; lastKnownFileType = file.sks; path = GameScene.sks; sourceTree = "<group>"; };
		00064E481B46E1B4003B721C /* GameScene.swift */ = {isa = PBXFileReference; lastKnownFileType = sourcecode.swift; path = GameScene.swift; sourceTree = "<group>"; };
		00064E4A1B46E1B4003B721C /* GameViewController.swift */ = {isa = PBXFileReference; lastKnownFileType = sourcecode.swift; path = GameViewController.swift; sourceTree = "<group>"; };
		00064E4D1B46E1B4003B721C /* Base */ = {isa = PBXFileReference; lastKnownFileType = file.storyboard; name = Base; path = Base.lproj/Main.storyboard; sourceTree = "<group>"; };
		00064E4F1B46E1B4003B721C /* Images.xcassets */ = {isa = PBXFileReference; lastKnownFileType = folder.assetcatalog; path = Images.xcassets; sourceTree = "<group>"; };
		00064E521B46E1B4003B721C /* Base */ = {isa = PBXFileReference; lastKnownFileType = file.xib; name = Base; path = Base.lproj/LaunchScreen.xib; sourceTree = "<group>"; };
		00064E581B46E1B4003B721C /* HelloIOSGameTests.xctest */ = {isa = PBXFileReference; explicitFileType = wrapper.cfbundle; includeInIndex = 0; path = HelloIOSGameTests.xctest; sourceTree = BUILT_PRODUCTS_DIR; };
		00064E5D1B46E1B4003B721C /* Info.plist */ = {isa = PBXFileReference; lastKnownFileType = text.plist.xml; path = Info.plist; sourceTree = "<group>"; };
		00064E5E1B46E1B4003B721C /* HelloIOSGameTests.swift */ = {isa = PBXFileReference; lastKnownFileType = sourcecode.swift; path = HelloIOSGameTests.swift; sourceTree = "<group>"; };
/* End PBXFileReference section */

/* Begin PBXFrameworksBuildPhase section */
		00064E3C1B46E1B4003B721C /* Frameworks */ = {
			isa = PBXFrameworksBuildPhase;
			buildActionMask = 2147483647;
			files = (
			);
			runOnlyForDeploymentPostprocessing = 0;
		};
		00064E551B46E1B4003B721C /* Frameworks */ = {
			isa = PBXFrameworksBuildPhase;
			buildActionMask = 2147483647;
			files = (
			);
			runOnlyForDeploymentPostprocessing = 0;
		};
/* End PBXFrameworksBuildPhase section */

/* Begin PBXGroup section */
		00064E361B46E1B4003B721C = {
			isa = PBXGroup;
			children = (
				00064E411B46E1B4003B721C /* HelloIOSGame */,
				00064E5B1B46E1B4003B721C /* HelloIOSGameTests */,
				00064E401B46E1B4003B721C /* Products */,
			);
			sourceTree = "<group>";
		};
		00064E401B46E1B4003B721C /* Products */ = {
			isa = PBXGroup;
			children = (
				00064E3F1B46E1B4003B721C /* HelloIOSGame.app */,
				00064E581B46E1B4003B721C /* HelloIOSGameTests.xctest */,
			);
			name = Products;
			sourceTree = "<group>";
		};
		00064E411B46E1B4003B721C /* HelloIOSGame */ = {
			isa = PBXGroup;
			children = (
				00064E441B46E1B4003B721C /* AppDelegate.swift */,
				00064E461B46E1B4003B721C /* GameScene.sks */,
				00064E481B46E1B4003B721C /* GameScene.swift */,
				00064E4A1B46E1B4003B721C /* GameViewController.swift */,
				00064E4C1B46E1B4003B721C /* Main.storyboard */,
				00064E4F1B46E1B4003B721C /* Images.xcassets */,
				00064E511B46E1B4003B721C /* LaunchScreen.xib */,
				00064E421B46E1B4003B721C /* Supporting Files */,
			);
			path = HelloIOSGame;
			sourceTree = "<group>";
		};
		00064E421B46E1B4003B721C /* Supporting Files */ = {
			isa = PBXGroup;
			children = (
				00064E431B46E1B4003B721C /* Info.plist */,
			);
			name = "Supporting Files";
			sourceTree = "<group>";
		};
		00064E5B1B46E1B4003B721C /* HelloIOSGameTests */ = {
			isa = PBXGroup;
			children = (
				00064E5E1B46E1B4003B721C /* HelloIOSGameTests.swift */,
				00064E5C1B46E1B4003B721C /* Supporting Files */,
			);
			path = HelloIOSGameTests;
			sourceTree = "<group>";
		};
		00064E5C1B46E1B4003B721C /* Supporting Files */ = {
			isa = PBXGroup;
			children = (
				00064E5D1B46E1B4003B721C /* Info.plist */,
			);
			name = "Supporting Files";
			sourceTree = "<group>";
		};
/* End PBXGroup section */

/* Begin PBXNativeTarget section */
		00064E3E1B46E1B4003B721C /* HelloIOSGame */ = {
			isa = PBXNativeTarget;
			buildConfigurationList = 00064E621B46E1B4003B721C /* Build configuration list for PBXNativeTarget "HelloIOSGame" */;
			buildPhases = (
				00064E3B1B46E1B4003B721C /* Sources */,
				00064E3C1B46E1B4003B721C /* Frameworks */,
				00064E3D1B46E1B4003B721C /* Resources */,
			);
			buildRules = (
			);
			dependencies = (
			);
			name = HelloIOSGame;
			productName = HelloIOSGame;
			productReference = 00064E3F1B46E1B4003B721C /* HelloIOSGame.app */;
			productType = "com.apple.product-type.application";
		};
		00064E571B46E1B4003B721C /* HelloIOSGameTests */ = {
			isa = PBXNativeTarget;
			buildConfigurationList = 00064E651B46E1B4003B721C /* Build configuration list for PBXNativeTarget "HelloIOSGameTests" */;
			buildPhases = (
				00064E541B46E1B4003B721C /* Sources */,
				00064E551B46E1B4003B721C /* Frameworks */,
				00064E561B46E1B4003B721C /* Resources */,
			);
			buildRules = (
			);
			dependencies = (
				00064E5A1B46E1B4003B721C /* PBXTargetDependency */,
			);
			name = HelloIOSGameTests;
			productName = HelloIOSGameTests;
			productReference = 00064E581B46E1B4003B721C /* HelloIOSGameTests.xctest */;
			productType = "com.apple.product-type.bundle.unit-test";
		};
/* End PBXNativeTarget section */

/* Begin PBXProject section */
		00064E371B46E1B4003B721C /* Project object */ = {
			isa = PBXProject;
			attributes = {
				LastUpgradeCheck = 0640;
				ORGANIZATIONNAME = "李泽旭";
				TargetAttributes = {
					00064E3E1B46E1B4003B721C = {
						CreatedOnToolsVersion = 6.4;
					};
					00064E571B46E1B4003B721C = {
						CreatedOnToolsVersion = 6.4;
						TestTargetID = 00064E3E1B46E1B4003B721C;
					};
				};
			};
			buildConfigurationList = 00064E3A1B46E1B4003B721C /* Build configuration list for PBXProject "HelloIOSGame" */;
			compatibilityVersion = "Xcode 3.2";
			developmentRegion = English;
			hasScannedForEncodings = 0;
			knownRegions = (
				en,
				Base,
			);
			mainGroup = 00064E361B46E1B4003B721C;
			productRefGroup = 00064E401B46E1B4003B721C /* Products */;
			projectDirPath = "";
			projectRoot = "";
			targets = (
				00064E3E1B46E1B4003B721C /* HelloIOSGame */,
				00064E571B46E1B4003B721C /* HelloIOSGameTests */,
			);
		};
/* End PBXProject section */

/* Begin PBXResourcesBuildPhase section */
		00064E3D1B46E1B4003B721C /* Resources */ = {
			isa = PBXResourcesBuildPhase;
			buildActionMask = 2147483647;
			files = (
				00064E531B46E1B4003B721C /* LaunchScreen.xib in Resources */,
				00064E501B46E1B4003B721C /* Images.xcassets in Resources */,
				00064E471B46E1B4003B721C /* GameScene.sks in Resources */,
				00064E4E1B46E1B4003B721C /* Main.storyboard in Resources */,
			);
			runOnlyForDeploymentPostprocessing = 0;
		};
		00064E561B46E1B4003B721C /* Resources */ = {
			isa = PBXResourcesBuildPhase;
			buildActionMask = 2147483647;
			files = (
			);
			runOnlyForDeploymentPostprocessing = 0;
		};
/* End PBXResourcesBuildPhase section */

/* Begin PBXSourcesBuildPhase section */
		00064E3B1B46E1B4003B721C /* Sources */ = {
			isa = PBXSourcesBuildPhase;
			buildActionMask = 2147483647;
			files = (
				00064E491B46E1B4003B721C /* GameScene.swift in Sources */,
				00064E4B1B46E1B4003B721C /* GameViewController.swift in Sources */,
				00064E451B46E1B4003B721C /* AppDelegate.swift in Sources */,
			);
			runOnlyForDeploymentPostprocessing = 0;
		};
		00064E541B46E1B4003B721C /* Sources */ = {
			isa = PBXSourcesBuildPhase;
			buildActionMask = 2147483647;
			files = (
				00064E5F1B46E1B4003B721C /* HelloIOSGameTests.swift in Sources */,
			);
			runOnlyForDeploymentPostprocessing = 0;
		};
/* End PBXSourcesBuildPhase section */

/* Begin PBXTargetDependency section */
		00064E5A1B46E1B4003B721C /* PBXTargetDependency */ = {
			isa = PBXTargetDependency;
			target = 00064E3E1B46E1B4003B721C /* HelloIOSGame */;
			targetProxy = 00064E591B46E1B4003B721C /* PBXContainerItemProxy */;
		};
/* End PBXTargetDependency section */

/* Begin PBXVariantGroup section */
		00064E4C1B46E1B4003B721C /* Main.storyboard */ = {
			isa = PBXVariantGroup;
			children = (
				00064E4D1B46E1B4003B721C /* Base */,
			);
			name = Main.storyboard;
			sourceTree = "<group>";
		};
		00064E511B46E1B4003B721C /* LaunchScreen.xib */ = {
			isa = PBXVariantGroup;
			children = (
				00064E521B46E1B4003B721C /* Base */,
			);
			name = LaunchScreen.xib;
			sourceTree = "<group>";
		};
/* End PBXVariantGroup section */

/* Begin XCBuildConfiguration section */
		00064E601B46E1B4003B721C /* Debug */ = {
			isa = XCBuildConfiguration;
			buildSettings = {
				ALWAYS_SEARCH_USER_PATHS = NO;
				CLANG_CXX_LANGUAGE_STANDARD = "gnu++0x";
				CLANG_CXX_LIBRARY = "libc++";
				CLANG_ENABLE_MODULES = YES;
				CLANG_ENABLE_OBJC_ARC = YES;
				CLANG_WARN_BOOL_CONVERSION = YES;
				CLANG_WARN_CONSTANT_CONVERSION = YES;
				CLANG_WARN_DIRECT_OBJC_ISA_USAGE = YES_ERROR;
				CLANG_WARN_EMPTY_BODY = YES;
				CLANG_WARN_ENUM_CONVERSION = YES;
				CLANG_WARN_INT_CONVERSION = YES;
				CLANG_WARN_OBJC_ROOT_CLASS = YES_ERROR;
				CLANG_WARN_UNREACHABLE_CODE = YES;
				CLANG_WARN__DUPLICATE_METHOD_MATCH = YES;
				"CODE_SIGN_IDENTITY[sdk=iphoneos*]" = "iPhone Developer";
				COPY_PHASE_STRIP = NO;
				DEBUG_INFORMATION_FORMAT = "dwarf-with-dsym";
				ENABLE_STRICT_OBJC_MSGSEND = YES;
				GCC_C_LANGUAGE_STANDARD = gnu99;
				GCC_DYNAMIC_NO_PIC = NO;
				GCC_NO_COMMON_BLOCKS = YES;
				GCC_OPTIMIZATION_LEVEL = 0;
				GCC_PREPROCESSOR_DEFINITIONS = (
					"DEBUG=1",
					"$(inherited)",
				);
				GCC_SYMBOLS_PRIVATE_EXTERN = NO;
				GCC_WARN_64_TO_32_BIT_CONVERSION = YES;
				GCC_WARN_ABOUT_RETURN_TYPE = YES_ERROR;
				GCC_WARN_UNDECLARED_SELECTOR = YES;
				GCC_WARN_UNINITIALIZED_AUTOS = YES_AGGRESSIVE;
				GCC_WARN_UNUSED_FUNCTION = YES;
				GCC_WARN_UNUSED_VARIABLE = YES;
				IPHONEOS_DEPLOYMENT_TARGET = 8.4;
				MTL_ENABLE_DEBUG_INFO = YES;
				ONLY_ACTIVE_ARCH = YES;
				SDKROOT = iphoneos;
				SWIFT_OPTIMIZATION_LEVEL = "-Onone";
			};
			name = Debug;
		};
		00064E611B46E1B4003B721C /* Release */ = {
			isa = XCBuildConfiguration;
			buildSettings = {
				ALWAYS_SEARCH_USER_PATHS = NO;
				CLANG_CXX_LANGUAGE_STANDARD = "gnu++0x";
				CLANG_CXX_LIBRARY = "libc++";
				CLANG_ENABLE_MODULES = YES;
				CLANG_ENABLE_OBJC_ARC = YES;
				CLANG_WARN_BOOL_CONVERSION = YES;
				CLANG_WARN_CONSTANT_CONVERSION = YES;
				CLANG_WARN_DIRECT_OBJC_ISA_USAGE = YES_ERROR;
				CLANG_WARN_EMPTY_BODY = YES;
				CLANG_WARN_ENUM_CONVERSION = YES;
				CLANG_WARN_INT_CONVERSION = YES;
				CLANG_WARN_OBJC_ROOT_CLASS = YES_ERROR;
				CLANG_WARN_UNREACHABLE_CODE = YES;
				CLANG_WARN__DUPLICATE_METHOD_MATCH = YES;
				"CODE_SIGN_IDENTITY[sdk=iphoneos*]" = "iPhone Developer";
				COPY_PHASE_STRIP = NO;
				DEBUG_INFORMATION_FORMAT = "dwarf-with-dsym";
				ENABLE_NS_ASSERTIONS = NO;
				ENABLE_STRICT_OBJC_MSGSEND = YES;
				GCC_C_LANGUAGE_STANDARD = gnu99;
				GCC_NO_COMMON_BLOCKS = YES;
				GCC_WARN_64_TO_32_BIT_CONVERSION = YES;
				GCC_WARN_ABOUT_RETURN_TYPE = YES_ERROR;
				GCC_WARN_UNDECLARED_SELECTOR = YES;
				GCC_WARN_UNINITIALIZED_AUTOS = YES_AGGRESSIVE;
				GCC_WARN_UNUSED_FUNCTION = YES;
				GCC_WARN_UNUSED_VARIABLE = YES;
				IPHONEOS_DEPLOYMENT_TARGET = 8.4;
				MTL_ENABLE_DEBUG_INFO = NO;
				SDKROOT = iphoneos;
				VALIDATE_PRODUCT = YES;
			};
			name = Release;
		};
		00064E631B46E1B4003B721C /* Debug */ = {
			isa = XCBuildConfiguration;
			buildSettings = {
				ASSETCATALOG_COMPILER_APPICON_NAME = AppIcon;
				INFOPLIST_FILE = HelloIOSGame/Info.plist;
				LD_RUNPATH_SEARCH_PATHS = "$(inherited) @executable_path/Frameworks";
				PRODUCT_NAME = "$(TARGET_NAME)";
			};
			name = Debug;
		};
		00064E641B46E1B4003B721C /* Release */ = {
			isa = XCBuildConfiguration;
			buildSettings = {
				ASSETCATALOG_COMPILER_APPICON_NAME = AppIcon;
				INFOPLIST_FILE = HelloIOSGame/Info.plist;
				LD_RUNPATH_SEARCH_PATHS = "$(inherited) @executable_path/Frameworks";
				PRODUCT_NAME = "$(TARGET_NAME)";
			};
			name = Release;
		};
		00064E661B46E1B4003B721C /* Debug */ = {
			isa = XCBuildConfiguration;
			buildSettings = {
				BUNDLE_LOADER = "$(TEST_HOST)";
				FRAMEWORK_SEARCH_PATHS = (
					"$(SDKROOT)/Developer/Library/Frameworks",
					"$(inherited)",
				);
				GCC_PREPROCESSOR_DEFINITIONS = (
					"DEBUG=1",
					"$(inherited)",
				);
				INFOPLIST_FILE = HelloIOSGameTests/Info.plist;
				LD_RUNPATH_SEARCH_PATHS = "$(inherited) @executable_path/Frameworks @loader_path/Frameworks";
				PRODUCT_NAME = "$(TARGET_NAME)";
				TEST_HOST = "$(BUILT_PRODUCTS_DIR)/HelloIOSGame.app/HelloIOSGame";
			};
			name = Debug;
		};
		00064E671B46E1B4003B721C /* Release */ = {
			isa = XCBuildConfiguration;
			buildSettings = {
				BUNDLE_LOADER = "$(TEST_HOST)";
				FRAMEWORK_SEARCH_PATHS = (
					"$(SDKROOT)/Developer/Library/Frameworks",
					"$(inherited)",
				);
				INFOPLIST_FILE = HelloIOSGameTests/Info.plist;
				LD_RUNPATH_SEARCH_PATHS = "$(inherited) @executable_path/Frameworks @loader_path/Frameworks";
				PRODUCT_NAME = "$(TARGET_NAME)";
				TEST_HOST = "$(BUILT_PRODUCTS_DIR)/HelloIOSGame.app/HelloIOSGame";
			};
			name = Release;
		};
/* End XCBuildConfiguration section */

/* Begin XCConfigurationList section */
		00064E3A1B46E1B4003B721C /* Build configuration list for PBXProject "HelloIOSGame" */ = {
			isa = XCConfigurationList;
			buildConfigurations = (
				00064E601B46E1B4003B721C /* Debug */,
				00064E611B46E1B4003B721C /* Release */,
			);
			defaultConfigurationIsVisible = 0;
			defaultConfigurationName = Release;
		};
		00064E621B46E1B4003B721C /* Build configuration list for PBXNativeTarget "HelloIOSGame" */ = {
			isa = XCConfigurationList;
			buildConfigurations = (
				00064E631B46E1B4003B721C /* Debug */,
				00064E641B46E1B4003B721C /* Release */,
			);
			defaultConfigurationIsVisible = 0;
		};
		00064E651B46E1B4003B721C /* Build configuration list for PBXNativeTarget "HelloIOSGameTests" */ = {
			isa = XCConfigurationList;
			buildConfigurations = (
				00064E661B46E1B4003B721C /* Debug */,
				00064E671B46E1B4003B721C /* Release */,
			);
			defaultConfigurationIsVisible = 0;
		};
/* End XCConfigurationList section */
	};
	rootObject = 00064E371B46E1B4003B721C /* Project object */;
}
